
Microsoft Visual Studio Solution File, Format Version 12.00
# Visual Studio Version 17
VisualStudioVersion = 17.0.31611.283
MinimumVisualStudioVersion = 10.0.40219.1
Project("{9A19103F-16F7-4668-BE54-9A1E7A4F7556}") = "Benchmark", "Benchmark.csproj", "{0E108987-CD59-4588-AAD7-00DECD0B0F14}"
EndProject
Project("{9A19103F-16F7-4668-BE54-9A1E7A4F7556}") = "Maui.Nuke", "..\Maui.Nuke\Maui.Nuke.csproj", "{53CEBAD3-E622-4A15-8C5C-4FAD5D389E9E}"
EndProject
Project("{2150E333-8FDC-42A3-9474-1A3956D46DE8}") = "Configuration", "Configuration", "{97DEECF5-D2A5-4151-8AA7-A8587EDA6360}"
	ProjectSection(SolutionItems) = preProject
		..\ReadMe.md = ..\ReadMe.md
	EndProjectSection
EndProject
Global
	GlobalSection(SolutionConfigurationPlatforms) = preSolution
		Debug|Any CPU = Debug|Any CPU
		Release|Any CPU = Release|Any CPU
	EndGlobalSection
	GlobalSection(ProjectConfigurationPlatforms) = postSolution
		{0E108987-CD59-4588-AAD7-00DECD0B0F14}.Debug|Any CPU.ActiveCfg = Debug|Any CPU
		{0E108987-CD59-4588-AAD7-00DECD0B0F14}.Debug|Any CPU.Build.0 = Debug|Any CPU
		{0E108987-CD59-4588-AAD7-00DECD0B0F14}.Debug|Any CPU.Deploy.0 = Debug|Any CPU
		{0E108987-CD59-4588-AAD7-00DECD0B0F14}.Release|Any CPU.ActiveCfg = Release|Any CPU
		{0E108987-CD59-4588-AAD7-00DECD0B0F14}.Release|Any CPU.Build.0 = Release|Any CPU
		{0E108987-CD59-4588-AAD7-00DECD0B0F14}.Release|Any CPU.Deploy.0 = Release|Any CPU
		{53CEBAD3-E622-4A15-8C5C-4FAD5D389E9E}.Debug|Any CPU.ActiveCfg = Debug|Any CPU
		{53CEBAD3-E622-4A15-8C5C-4FAD5D389E9E}.Debug|Any CPU.Build.0 = Debug|Any CPU
		{53CEBAD3-E622-4A15-8C5C-4FAD5D389E9E}.Release|Any CPU.ActiveCfg = Release|Any CPU
		{53CEBAD3-E622-4A15-8C5C-4FAD5D389E9E}.Release|Any CPU.Build.0 = Release|Any CPU
	EndGlobalSection
	GlobalSection(SolutionProperties) = preSolution
		HideSolutionNode = FALSE
	EndGlobalSection
	GlobalSection(ExtensibilityGlobals) = postSolution
		SolutionGuid = {61F7FB11-1E47-470C-91E2-47F8143E1572}
	EndGlobalSection
EndGlobal
