
Microsoft Visual Studio Solution File, Format Version 12.00
# Visual Studio Version 17
VisualStudioVersion = 17.3.32721.290
MinimumVisualStudioVersion = 10.0.40219.1
Project("{9A19103F-16F7-4668-BE54-9A1E7A4F7556}") = "Maui.Nuke", "Maui.Nuke.csproj", "{1C865143-44B7-49A6-9C8A-8926480036A2}"
EndProject
Global
	GlobalSection(SolutionConfigurationPlatforms) = preSolution
		Debug|Any CPU = Debug|Any CPU
		Release|Any CPU = Release|Any CPU
	EndGlobalSection
	GlobalSection(ProjectConfigurationPlatforms) = postSolution
		{1C865143-44B7-49A6-9C8A-8926480036A2}.Debug|Any CPU.ActiveCfg = Debug|Any CPU
		{1C865143-44B7-49A6-9C8A-8926480036A2}.Debug|Any CPU.Build.0 = Debug|Any CPU
		{1C865143-44B7-49A6-9C8A-8926480036A2}.Release|Any CPU.ActiveCfg = Release|Any CPU
		{1C865143-44B7-49A6-9C8A-8926480036A2}.Release|Any CPU.Build.0 = Release|Any CPU
	EndGlobalSection
	GlobalSection(SolutionProperties) = preSolution
		HideSolutionNode = FALSE
	EndGlobalSection
	GlobalSection(ExtensibilityGlobals) = postSolution
		SolutionGuid = {1B4DE040-A03E-4BF5-A51A-BA3CF8C54EC2}
	EndGlobalSection
EndGlobal
